
Microsoft Visual Studio Solution File, Format Version 12.00
# Visual Studio Version 16
VisualStudioVersion = 16.0.31112.23
MinimumVisualStudioVersion = 10.0.40219.1
Project("{8BC9CEB8-8B4A-11D0-8D11-00A0C91BC942}") = "俄罗斯方块", "俄罗斯方块\俄罗斯方块.vcxproj", "{DA949FA5-1C22-47B9-886B-DFDB168828E4}"
EndProject
Global
	GlobalSection(SolutionConfigurationPlatforms) = preSolution
		Debug|x64 = Debug|x64
		Debug|x86 = Debug|x86
		Release|x64 = Release|x64
		Release|x86 = Release|x86
	EndGlobalSection
	GlobalSection(ProjectConfigurationPlatforms) = postSolution
		{DA949FA5-1C22-47B9-886B-DFDB168828E4}.Debug|x64.ActiveCfg = Debug|x64
		{DA949FA5-1C22-47B9-886B-DFDB168828E4}.Debug|x64.Build.0 = Debug|x64
		{DA949FA5-1C22-47B9-886B-DFDB168828E4}.Debug|x86.ActiveCfg = Debug|Win32
		{DA949FA5-1C22-47B9-886B-DFDB168828E4}.Debug|x86.Build.0 = Debug|Win32
		{DA949FA5-1C22-47B9-886B-DFDB168828E4}.Release|x64.ActiveCfg = Release|x64
		{DA949FA5-1C22-47B9-886B-DFDB168828E4}.Release|x64.Build.0 = Release|x64
		{DA949FA5-1C22-47B9-886B-DFDB168828E4}.Release|x86.ActiveCfg = Release|Win32
		{DA949FA5-1C22-47B9-886B-DFDB168828E4}.Release|x86.Build.0 = Release|Win32
	EndGlobalSection
	GlobalSection(SolutionProperties) = preSolution
		HideSolutionNode = FALSE
	EndGlobalSection
	GlobalSection(ExtensibilityGlobals) = postSolution
		SolutionGuid = {87383188-87FF-40B7-BED8-74FE7AF8BB3B}
	EndGlobalSection
EndGlobal
